
Microsoft Visual Studio Solution File, Format Version 12.00
# Visual Studio Version 17
VisualStudioVersion = 17.3.32804.467
MinimumVisualStudioVersion = 10.0.40219.1
Project("{FAE04EC0-301F-11D3-BF4B-00C04F79EFBC}") = "Lab4", "Lab4\Lab4.csproj", "{FB9BCC03-1C32-427C-B827-3183CE392BBB}"
EndProject
Global
	GlobalSection(SolutionConfigurationPlatforms) = preSolution
		Debug|Any CPU = Debug|Any CPU
		Release|Any CPU = Release|Any CPU
	EndGlobalSection
	GlobalSection(ProjectConfigurationPlatforms) = postSolution
		{FB9BCC03-1C32-427C-B827-3183CE392BBB}.Debug|Any CPU.ActiveCfg = Debug|Any CPU
		{FB9BCC03-1C32-427C-B827-3183CE392BBB}.Debug|Any CPU.Build.0 = Debug|Any CPU
		{FB9BCC03-1C32-427C-B827-3183CE392BBB}.Release|Any CPU.ActiveCfg = Release|Any CPU
		{FB9BCC03-1C32-427C-B827-3183CE392BBB}.Release|Any CPU.Build.0 = Release|Any CPU
	EndGlobalSection
	GlobalSection(SolutionProperties) = preSolution
		HideSolutionNode = FALSE
	EndGlobalSection
	GlobalSection(ExtensibilityGlobals) = postSolution
		SolutionGuid = {BDA5480B-CA10-400D-B4CD-B404CB4D20D5}
	EndGlobalSection
EndGlobal
