
Microsoft Visual Studio Solution File, Format Version 12.00
# Visual Studio Version 17
VisualStudioVersion = 17.3.32804.467
MinimumVisualStudioVersion = 10.0.40219.1
Project("{FAE04EC0-301F-11D3-BF4B-00C04F79EFBC}") = "3D Labs", "3D Labs\3D Labs.csproj", "{6652B230-C9A1-41C2-AFFE-4B3AB8C28D6B}"
EndProject
Global
	GlobalSection(SolutionConfigurationPlatforms) = preSolution
		Debug|Any CPU = Debug|Any CPU
		Release|Any CPU = Release|Any CPU
	EndGlobalSection
	GlobalSection(ProjectConfigurationPlatforms) = postSolution
		{6652B230-C9A1-41C2-AFFE-4B3AB8C28D6B}.Debug|Any CPU.ActiveCfg = Debug|Any CPU
		{6652B230-C9A1-41C2-AFFE-4B3AB8C28D6B}.Debug|Any CPU.Build.0 = Debug|Any CPU
		{6652B230-C9A1-41C2-AFFE-4B3AB8C28D6B}.Release|Any CPU.ActiveCfg = Release|Any CPU
		{6652B230-C9A1-41C2-AFFE-4B3AB8C28D6B}.Release|Any CPU.Build.0 = Release|Any CPU
	EndGlobalSection
	GlobalSection(SolutionProperties) = preSolution
		HideSolutionNode = FALSE
	EndGlobalSection
	GlobalSection(ExtensibilityGlobals) = postSolution
		SolutionGuid = {967F82AE-52CC-4C68-838D-A5CEE1519011}
	EndGlobalSection
EndGlobal
